
Microsoft Visual Studio Solution File, Format Version 12.00
# Visual Studio Version 17
VisualStudioVersion = 17.0.32126.317
MinimumVisualStudioVersion = 10.0.40219.1
Project("{54A90642-561A-4BB1-A94E-469ADEE60C69}") = "TheWeatherApp_v01", "TheWeatherApp_v01\TheWeatherApp_v01.esproj", "{A73FED5F-0110-4236-9FFE-EBE5602E496D}"
EndProject
Global
	GlobalSection(SolutionConfigurationPlatforms) = preSolution
		Debug|Any CPU = Debug|Any CPU
		Release|Any CPU = Release|Any CPU
	EndGlobalSection
	GlobalSection(ProjectConfigurationPlatforms) = postSolution
		{A73FED5F-0110-4236-9FFE-EBE5602E496D}.Debug|Any CPU.ActiveCfg = Debug|Any CPU
		{A73FED5F-0110-4236-9FFE-EBE5602E496D}.Debug|Any CPU.Build.0 = Debug|Any CPU
		{A73FED5F-0110-4236-9FFE-EBE5602E496D}.Debug|Any CPU.Deploy.0 = Debug|Any CPU
		{A73FED5F-0110-4236-9FFE-EBE5602E496D}.Release|Any CPU.ActiveCfg = Release|Any CPU
		{A73FED5F-0110-4236-9FFE-EBE5602E496D}.Release|Any CPU.Build.0 = Release|Any CPU
		{A73FED5F-0110-4236-9FFE-EBE5602E496D}.Release|Any CPU.Deploy.0 = Release|Any CPU
	EndGlobalSection
	GlobalSection(SolutionProperties) = preSolution
		HideSolutionNode = FALSE
	EndGlobalSection
	GlobalSection(ExtensibilityGlobals) = postSolution
		SolutionGuid = {818D44F9-B9F2-4C0E-8912-DB3207C5B90A}
	EndGlobalSection
EndGlobal
